
Microsoft Visual Studio Solution File, Format Version 12.00
Project("{FAE04EC0-301F-11D3-BF4B-00C04F79EFBC}") = "MutationTestingStrykerCSharp", "MutationTestingStrykerCSharp\MutationTestingStrykerCSharp.csproj", "{94559A92-D24B-4CB7-B2E6-2065A8DF2F07}"
EndProject
Project("{FAE04EC0-301F-11D3-BF4B-00C04F79EFBC}") = "MutationTestingStrykerCSharp.UnitTests", "MutationTestingStrykerCSharp.UnitTests\MutationTestingStrykerCSharp.UnitTests.csproj", "{48D3350C-B5F0-4BB1-8F6E-4A85DB46EA5E}"
EndProject
Global
	GlobalSection(SolutionConfigurationPlatforms) = preSolution
		Debug|Any CPU = Debug|Any CPU
		Release|Any CPU = Release|Any CPU
	EndGlobalSection
	GlobalSection(ProjectConfigurationPlatforms) = postSolution
		{94559A92-D24B-4CB7-B2E6-2065A8DF2F07}.Debug|Any CPU.ActiveCfg = Debug|Any CPU
		{94559A92-D24B-4CB7-B2E6-2065A8DF2F07}.Debug|Any CPU.Build.0 = Debug|Any CPU
		{94559A92-D24B-4CB7-B2E6-2065A8DF2F07}.Release|Any CPU.ActiveCfg = Release|Any CPU
		{94559A92-D24B-4CB7-B2E6-2065A8DF2F07}.Release|Any CPU.Build.0 = Release|Any CPU
		{48D3350C-B5F0-4BB1-8F6E-4A85DB46EA5E}.Debug|Any CPU.ActiveCfg = Debug|Any CPU
		{48D3350C-B5F0-4BB1-8F6E-4A85DB46EA5E}.Debug|Any CPU.Build.0 = Debug|Any CPU
		{48D3350C-B5F0-4BB1-8F6E-4A85DB46EA5E}.Release|Any CPU.ActiveCfg = Release|Any CPU
		{48D3350C-B5F0-4BB1-8F6E-4A85DB46EA5E}.Release|Any CPU.Build.0 = Release|Any CPU
	EndGlobalSection
EndGlobal
